{
  "requires": true,
  "lockfileVersion": 1,
  "dependencies": {
    "css-checkbox": {
      "version": "2.0.1",
      "resolved": "https://registry.npmjs.org/css-checkbox/-/css-checkbox-2.0.1.tgz",
      "integrity": "sha512-OmPb+AE5kI70Hgt7xpCqxrNuOuYD6Khq/9fNlIqWLebITQSM9R57qBmpY6almk6Gcz56+w4x0cFc7EQM+S4pEg=="
    }
  }
}
